
Microsoft Visual Studio Solution File, Format Version 12.00
# Visual Studio 15
VisualStudioVersion = 15.0.26124.0
MinimumVisualStudioVersion = 15.0.26124.0
Project("{2150E333-8FDC-42A3-9474-1A3956D46DE8}") = "src", "src", "{4F6C5943-A8FF-4625-97ED-5325B9CAF2E4}"
EndProject
Project("{9A19103F-16F7-4668-BE54-9A1E7A4F7556}") = "Serilog.Enrichers.Sensitive", "src\Serilog.Enrichers.Sensitive\Serilog.Enrichers.Sensitive.csproj", "{24D87D92-F2C9-449A-80F3-CD90AF105D26}"
EndProject
Project("{FAE04EC0-301F-11D3-BF4B-00C04F79EFBC}") = "Serilog.Enrichers.Sensitive.Demo", "src\Serilog.Enrichers.Sensitive.Demo\Serilog.Enrichers.Sensitive.Demo.csproj", "{86680D69-63DF-4211-845D-7C45DAB92A36}"
EndProject
Global
	GlobalSection(SolutionConfigurationPlatforms) = preSolution
		Debug|Any CPU = Debug|Any CPU
		Debug|x64 = Debug|x64
		Debug|x86 = Debug|x86
		Release|Any CPU = Release|Any CPU
		Release|x64 = Release|x64
		Release|x86 = Release|x86
	EndGlobalSection
	GlobalSection(ProjectConfigurationPlatforms) = postSolution
		{24D87D92-F2C9-449A-80F3-CD90AF105D26}.Debug|Any CPU.ActiveCfg = Debug|Any CPU
		{24D87D92-F2C9-449A-80F3-CD90AF105D26}.Debug|Any CPU.Build.0 = Debug|Any CPU
		{24D87D92-F2C9-449A-80F3-CD90AF105D26}.Debug|x64.ActiveCfg = Debug|Any CPU
		{24D87D92-F2C9-449A-80F3-CD90AF105D26}.Debug|x64.Build.0 = Debug|Any CPU
		{24D87D92-F2C9-449A-80F3-CD90AF105D26}.Debug|x86.ActiveCfg = Debug|Any CPU
		{24D87D92-F2C9-449A-80F3-CD90AF105D26}.Debug|x86.Build.0 = Debug|Any CPU
		{24D87D92-F2C9-449A-80F3-CD90AF105D26}.Release|Any CPU.ActiveCfg = Release|Any CPU
		{24D87D92-F2C9-449A-80F3-CD90AF105D26}.Release|Any CPU.Build.0 = Release|Any CPU
		{24D87D92-F2C9-449A-80F3-CD90AF105D26}.Release|x64.ActiveCfg = Release|Any CPU
		{24D87D92-F2C9-449A-80F3-CD90AF105D26}.Release|x64.Build.0 = Release|Any CPU
		{24D87D92-F2C9-449A-80F3-CD90AF105D26}.Release|x86.ActiveCfg = Release|Any CPU
		{24D87D92-F2C9-449A-80F3-CD90AF105D26}.Release|x86.Build.0 = Release|Any CPU
		{86680D69-63DF-4211-845D-7C45DAB92A36}.Debug|Any CPU.ActiveCfg = Debug|Any CPU
		{86680D69-63DF-4211-845D-7C45DAB92A36}.Debug|Any CPU.Build.0 = Debug|Any CPU
		{86680D69-63DF-4211-845D-7C45DAB92A36}.Debug|x64.ActiveCfg = Debug|Any CPU
		{86680D69-63DF-4211-845D-7C45DAB92A36}.Debug|x64.Build.0 = Debug|Any CPU
		{86680D69-63DF-4211-845D-7C45DAB92A36}.Debug|x86.ActiveCfg = Debug|Any CPU
		{86680D69-63DF-4211-845D-7C45DAB92A36}.Debug|x86.Build.0 = Debug|Any CPU
		{86680D69-63DF-4211-845D-7C45DAB92A36}.Release|Any CPU.ActiveCfg = Release|Any CPU
		{86680D69-63DF-4211-845D-7C45DAB92A36}.Release|Any CPU.Build.0 = Release|Any CPU
		{86680D69-63DF-4211-845D-7C45DAB92A36}.Release|x64.ActiveCfg = Release|Any CPU
		{86680D69-63DF-4211-845D-7C45DAB92A36}.Release|x64.Build.0 = Release|Any CPU
		{86680D69-63DF-4211-845D-7C45DAB92A36}.Release|x86.ActiveCfg = Release|Any CPU
		{86680D69-63DF-4211-845D-7C45DAB92A36}.Release|x86.Build.0 = Release|Any CPU
	EndGlobalSection
	GlobalSection(SolutionProperties) = preSolution
		HideSolutionNode = FALSE
	EndGlobalSection
	GlobalSection(NestedProjects) = preSolution
		{24D87D92-F2C9-449A-80F3-CD90AF105D26} = {4F6C5943-A8FF-4625-97ED-5325B9CAF2E4}
		{86680D69-63DF-4211-845D-7C45DAB92A36} = {4F6C5943-A8FF-4625-97ED-5325B9CAF2E4}
	EndGlobalSection
	GlobalSection(ExtensibilityGlobals) = postSolution
		SolutionGuid = {E5198D5F-2EF2-411D-8569-3E473CFFB6B7}
	EndGlobalSection
EndGlobal
